
Microsoft Visual Studio Solution File, Format Version 12.00
# Visual Studio Version 17
VisualStudioVersion = 17.5.33516.290
MinimumVisualStudioVersion = 10.0.40219.1
Project("{FAE04EC0-301F-11D3-BF4B-00C04F79EFBC}") = "Distribuidora", "Distribuidora\Distribuidora.csproj", "{FA48DF5B-868B-4DD0-B32D-A053B5F4D2B6}"
EndProject
Global
	GlobalSection(SolutionConfigurationPlatforms) = preSolution
		Debug|Any CPU = Debug|Any CPU
		Release|Any CPU = Release|Any CPU
	EndGlobalSection
	GlobalSection(ProjectConfigurationPlatforms) = postSolution
		{FA48DF5B-868B-4DD0-B32D-A053B5F4D2B6}.Debug|Any CPU.ActiveCfg = Debug|Any CPU
		{FA48DF5B-868B-4DD0-B32D-A053B5F4D2B6}.Debug|Any CPU.Build.0 = Debug|Any CPU
		{FA48DF5B-868B-4DD0-B32D-A053B5F4D2B6}.Release|Any CPU.ActiveCfg = Release|Any CPU
		{FA48DF5B-868B-4DD0-B32D-A053B5F4D2B6}.Release|Any CPU.Build.0 = Release|Any CPU
	EndGlobalSection
	GlobalSection(SolutionProperties) = preSolution
		HideSolutionNode = FALSE
	EndGlobalSection
	GlobalSection(ExtensibilityGlobals) = postSolution
		SolutionGuid = {DBF2A150-D535-4439-9ABF-3F5F3951C319}
	EndGlobalSection
EndGlobal
